
Microsoft Visual Studio Solution File, Format Version 12.00
# Visual Studio Version 17
VisualStudioVersion = 17.1.32328.378
MinimumVisualStudioVersion = 10.0.40219.1
Project("{9A19103F-16F7-4668-BE54-9A1E7A4F7556}") = "RedisSubscriber", "RedisSubscriber.csproj", "{621ABB2A-73FA-43CF-B9DA-E6623ADFCBB9}"
EndProject
Global
	GlobalSection(SolutionConfigurationPlatforms) = preSolution
		Debug|Any CPU = Debug|Any CPU
		Release|Any CPU = Release|Any CPU
	EndGlobalSection
	GlobalSection(ProjectConfigurationPlatforms) = postSolution
		{621ABB2A-73FA-43CF-B9DA-E6623ADFCBB9}.Debug|Any CPU.ActiveCfg = Debug|Any CPU
		{621ABB2A-73FA-43CF-B9DA-E6623ADFCBB9}.Debug|Any CPU.Build.0 = Debug|Any CPU
		{621ABB2A-73FA-43CF-B9DA-E6623ADFCBB9}.Release|Any CPU.ActiveCfg = Release|Any CPU
		{621ABB2A-73FA-43CF-B9DA-E6623ADFCBB9}.Release|Any CPU.Build.0 = Release|Any CPU
	EndGlobalSection
	GlobalSection(SolutionProperties) = preSolution
		HideSolutionNode = FALSE
	EndGlobalSection
	GlobalSection(ExtensibilityGlobals) = postSolution
		SolutionGuid = {9B94E226-21F9-497C-B0B5-F0A93F13F7B7}
	EndGlobalSection
EndGlobal
